// !$*UTF8*$!
{
	archiveVersion = 1;
	classes = {
	};
	objectVersion = 77;
	objects = {

/* Begin PBXBuildFile section */
		F19C5DF42E5621CA00D72A5A /* BloomCore.framework in Frameworks */ = {isa = PBXBuildFile; fileRef = F19CEA4F2E536FE600D1FBBF /* BloomCore.framework */; };
		F19C5DFE2E5703FF00D72A5A /* BloomStorage.framework in Frameworks */ = {isa = PBXBuildFile; fileRef = F19C5DD82E5615DB00D72A5A /* BloomStorage.framework */; };
		F19C5E092E5717C100D72A5A /* UserDefaultsPeriodStore.swift in Sources */ = {isa = PBXBuildFile; fileRef = F19C5E042E5717C100D72A5A /* UserDefaultsPeriodStore.swift */; };
		F19C5E0A2E5717C100D72A5A /* PeriodStore.swift in Sources */ = {isa = PBXBuildFile; fileRef = F19C5E032E5717C100D72A5A /* PeriodStore.swift */; };
		F19C5E0B2E5717C100D72A5A /* PeriodRepository.swift in Sources */ = {isa = PBXBuildFile; fileRef = F19C5E022E5717C100D72A5A /* PeriodRepository.swift */; };
		F19C5E102E5717C600D72A5A /* BloomApp.swift in Sources */ = {isa = PBXBuildFile; fileRef = F19C5E0D2E5717C600D72A5A /* BloomApp.swift */; };
		F19C5E112E5717C600D72A5A /* ContentView.swift in Sources */ = {isa = PBXBuildFile; fileRef = F19C5E0E2E5717C600D72A5A /* ContentView.swift */; };
		F19C5E122E5717C600D72A5A /* Assets.xcassets in Resources */ = {isa = PBXBuildFile; fileRef = F19C5E0C2E5717C600D72A5A /* Assets.xcassets */; };
		F19C5E162E5717C900D72A5A /* CycleTracker.swift in Sources */ = {isa = PBXBuildFile; fileRef = F19C5E132E5717C900D72A5A /* CycleTracker.swift */; };
		F19C5E172E5717C900D72A5A /* Period.swift in Sources */ = {isa = PBXBuildFile; fileRef = F19C5E142E5717C900D72A5A /* Period.swift */; };
		F19C5E1A2E5717CC00D72A5A /* CycleTrackerTests.swift in Sources */ = {isa = PBXBuildFile; fileRef = F19C5E182E5717CC00D72A5A /* CycleTrackerTests.swift */; };
		F19C5E1F2E57186B00D72A5A /* UserDefaultsPeriodStoreTests.swift in Sources */ = {isa = PBXBuildFile; fileRef = F19C5E1D2E57186B00D72A5A /* UserDefaultsPeriodStoreTests.swift */; };
		F19C5E222E57195F00D72A5A /* PeriodRepositoryTests.swift in Sources */ = {isa = PBXBuildFile; fileRef = F19C5E212E57195F00D72A5A /* PeriodRepositoryTests.swift */; };
		F19C5E242E571CFE00D72A5A /* PrimaryPeriodRepository.swift in Sources */ = {isa = PBXBuildFile; fileRef = F19C5E232E571CFE00D72A5A /* PrimaryPeriodRepository.swift */; };
		F19C5EA02E576F0600D72A5A /* BloomApplication.framework in Frameworks */ = {isa = PBXBuildFile; fileRef = F19C5E972E576F0600D72A5A /* BloomApplication.framework */; };
		F19CEA582E536FE600D1FBBF /* BloomCore.framework in Frameworks */ = {isa = PBXBuildFile; fileRef = F19CEA4F2E536FE600D1FBBF /* BloomCore.framework */; };
		F19CEA622E536FE600D1FBBF /* BloomCore.framework in Frameworks */ = {isa = PBXBuildFile; fileRef = F19CEA4F2E536FE600D1FBBF /* BloomCore.framework */; };
		F19CEA632E536FE600D1FBBF /* BloomCore.framework in Embed Frameworks */ = {isa = PBXBuildFile; fileRef = F19CEA4F2E536FE600D1FBBF /* BloomCore.framework */; settings = {ATTRIBUTES = (CodeSignOnCopy, RemoveHeadersOnCopy, ); }; };
/* End PBXBuildFile section */

/* Begin PBXContainerItemProxy section */
		F19C5DE22E5615DB00D72A5A /* PBXContainerItemProxy */ = {
			isa = PBXContainerItemProxy;
			containerPortal = F19CEA1A2E53692000D1FBBF /* Project object */;
			proxyType = 1;
			remoteGlobalIDString = F19C5DD72E5615DB00D72A5A;
			remoteInfo = BloomStorage;
		};
		F19C5DF62E5621CA00D72A5A /* PBXContainerItemProxy */ = {
			isa = PBXContainerItemProxy;
			containerPortal = F19CEA1A2E53692000D1FBBF /* Project object */;
			proxyType = 1;
			remoteGlobalIDString = F19CEA4E2E536FE600D1FBBF;
			remoteInfo = BloomCore;
		};
		F19C5EA12E576F0600D72A5A /* PBXContainerItemProxy */ = {
			isa = PBXContainerItemProxy;
			containerPortal = F19CEA1A2E53692000D1FBBF /* Project object */;
			proxyType = 1;
			remoteGlobalIDString = F19C5E962E576F0600D72A5A;
			remoteInfo = BloomApplication;
		};
		F19CEA592E536FE600D1FBBF /* PBXContainerItemProxy */ = {
			isa = PBXContainerItemProxy;
			containerPortal = F19CEA1A2E53692000D1FBBF /* Project object */;
			proxyType = 1;
			remoteGlobalIDString = F19CEA4E2E536FE600D1FBBF;
			remoteInfo = BloomCore;
		};
		F19CEA5B2E536FE600D1FBBF /* PBXContainerItemProxy */ = {
			isa = PBXContainerItemProxy;
			containerPortal = F19CEA1A2E53692000D1FBBF /* Project object */;
			proxyType = 1;
			remoteGlobalIDString = F19CEA212E53692000D1FBBF;
			remoteInfo = Bloom;
		};
		F19CEA602E536FE600D1FBBF /* PBXContainerItemProxy */ = {
			isa = PBXContainerItemProxy;
			containerPortal = F19CEA1A2E53692000D1FBBF /* Project object */;
			proxyType = 1;
			remoteGlobalIDString = F19CEA4E2E536FE600D1FBBF;
			remoteInfo = BloomCore;
		};
/* End PBXContainerItemProxy section */

/* Begin PBXCopyFilesBuildPhase section */
		F19CEA672E536FE600D1FBBF /* Embed Frameworks */ = {
			isa = PBXCopyFilesBuildPhase;
			buildActionMask = 2147483647;
			dstPath = "";
			dstSubfolderSpec = 10;
			files = (
				F19CEA632E536FE600D1FBBF /* BloomCore.framework in Embed Frameworks */,
			);
			name = "Embed Frameworks";
			runOnlyForDeploymentPostprocessing = 0;
		};
/* End PBXCopyFilesBuildPhase section */

/* Begin PBXFileReference section */
		F19C5DD82E5615DB00D72A5A /* BloomStorage.framework */ = {isa = PBXFileReference; explicitFileType = wrapper.framework; includeInIndex = 0; path = BloomStorage.framework; sourceTree = BUILT_PRODUCTS_DIR; };
		F19C5DE02E5615DB00D72A5A /* BloomStorageTests.xctest */ = {isa = PBXFileReference; explicitFileType = wrapper.cfbundle; includeInIndex = 0; path = BloomStorageTests.xctest; sourceTree = BUILT_PRODUCTS_DIR; };
		F19C5E022E5717C100D72A5A /* PeriodRepository.swift */ = {isa = PBXFileReference; lastKnownFileType = sourcecode.swift; path = PeriodRepository.swift; sourceTree = "<group>"; };
		F19C5E032E5717C100D72A5A /* PeriodStore.swift */ = {isa = PBXFileReference; lastKnownFileType = sourcecode.swift; path = PeriodStore.swift; sourceTree = "<group>"; };
		F19C5E042E5717C100D72A5A /* UserDefaultsPeriodStore.swift */ = {isa = PBXFileReference; lastKnownFileType = sourcecode.swift; path = UserDefaultsPeriodStore.swift; sourceTree = "<group>"; };
		F19C5E0C2E5717C600D72A5A /* Assets.xcassets */ = {isa = PBXFileReference; lastKnownFileType = folder.assetcatalog; path = Assets.xcassets; sourceTree = "<group>"; };
		F19C5E0D2E5717C600D72A5A /* BloomApp.swift */ = {isa = PBXFileReference; lastKnownFileType = sourcecode.swift; path = BloomApp.swift; sourceTree = "<group>"; };
		F19C5E0E2E5717C600D72A5A /* ContentView.swift */ = {isa = PBXFileReference; lastKnownFileType = sourcecode.swift; path = ContentView.swift; sourceTree = "<group>"; };
		F19C5E132E5717C900D72A5A /* CycleTracker.swift */ = {isa = PBXFileReference; lastKnownFileType = sourcecode.swift; path = CycleTracker.swift; sourceTree = "<group>"; };
		F19C5E142E5717C900D72A5A /* Period.swift */ = {isa = PBXFileReference; lastKnownFileType = sourcecode.swift; path = Period.swift; sourceTree = "<group>"; };
		F19C5E182E5717CC00D72A5A /* CycleTrackerTests.swift */ = {isa = PBXFileReference; lastKnownFileType = sourcecode.swift; path = CycleTrackerTests.swift; sourceTree = "<group>"; };
		F19C5E1D2E57186B00D72A5A /* UserDefaultsPeriodStoreTests.swift */ = {isa = PBXFileReference; lastKnownFileType = sourcecode.swift; path = UserDefaultsPeriodStoreTests.swift; sourceTree = "<group>"; };
		F19C5E212E57195F00D72A5A /* PeriodRepositoryTests.swift */ = {isa = PBXFileReference; lastKnownFileType = sourcecode.swift; path = PeriodRepositoryTests.swift; sourceTree = "<group>"; };
		F19C5E232E571CFE00D72A5A /* PrimaryPeriodRepository.swift */ = {isa = PBXFileReference; lastKnownFileType = sourcecode.swift; path = PrimaryPeriodRepository.swift; sourceTree = "<group>"; };
		F19C5E972E576F0600D72A5A /* BloomApplication.framework */ = {isa = PBXFileReference; explicitFileType = wrapper.framework; includeInIndex = 0; path = BloomApplication.framework; sourceTree = BUILT_PRODUCTS_DIR; };
		F19C5E9F2E576F0600D72A5A /* BloomApplicationTests.xctest */ = {isa = PBXFileReference; explicitFileType = wrapper.cfbundle; includeInIndex = 0; path = BloomApplicationTests.xctest; sourceTree = BUILT_PRODUCTS_DIR; };
		F19CEA222E53692000D1FBBF /* Bloom.app */ = {isa = PBXFileReference; explicitFileType = wrapper.application; includeInIndex = 0; path = Bloom.app; sourceTree = BUILT_PRODUCTS_DIR; };
		F19CEA4F2E536FE600D1FBBF /* BloomCore.framework */ = {isa = PBXFileReference; explicitFileType = wrapper.framework; includeInIndex = 0; path = BloomCore.framework; sourceTree = BUILT_PRODUCTS_DIR; };
		F19CEA572E536FE600D1FBBF /* BloomCoreTests.xctest */ = {isa = PBXFileReference; explicitFileType = wrapper.cfbundle; includeInIndex = 0; path = BloomCoreTests.xctest; sourceTree = BUILT_PRODUCTS_DIR; };
/* End PBXFileReference section */

/* Begin PBXFileSystemSynchronizedRootGroup section */
		F19C5E982E576F0600D72A5A /* BloomApplication */ = {
			isa = PBXFileSystemSynchronizedRootGroup;
			path = BloomApplication;
			sourceTree = "<group>";
		};
		F19C5EA32E576F0600D72A5A /* BloomApplicationTests */ = {
			isa = PBXFileSystemSynchronizedRootGroup;
			path = BloomApplicationTests;
			sourceTree = "<group>";
		};
/* End PBXFileSystemSynchronizedRootGroup section */

/* Begin PBXFrameworksBuildPhase section */
		F19C5DD52E5615DB00D72A5A /* Frameworks */ = {
			isa = PBXFrameworksBuildPhase;
			buildActionMask = 2147483647;
			files = (
			);
			runOnlyForDeploymentPostprocessing = 0;
		};
		F19C5DDD2E5615DB00D72A5A /* Frameworks */ = {
			isa = PBXFrameworksBuildPhase;
			buildActionMask = 2147483647;
			files = (
				F19C5DFE2E5703FF00D72A5A /* BloomStorage.framework in Frameworks */,
				F19C5DF42E5621CA00D72A5A /* BloomCore.framework in Frameworks */,
			);
			runOnlyForDeploymentPostprocessing = 0;
		};
		F19C5E942E576F0600D72A5A /* Frameworks */ = {
			isa = PBXFrameworksBuildPhase;
			buildActionMask = 2147483647;
			files = (
			);
			runOnlyForDeploymentPostprocessing = 0;
		};
		F19C5E9C2E576F0600D72A5A /* Frameworks */ = {
			isa = PBXFrameworksBuildPhase;
			buildActionMask = 2147483647;
			files = (
				F19C5EA02E576F0600D72A5A /* BloomApplication.framework in Frameworks */,
			);
			runOnlyForDeploymentPostprocessing = 0;
		};
		F19CEA1F2E53692000D1FBBF /* Frameworks */ = {
			isa = PBXFrameworksBuildPhase;
			buildActionMask = 2147483647;
			files = (
				F19CEA622E536FE600D1FBBF /* BloomCore.framework in Frameworks */,
			);
			runOnlyForDeploymentPostprocessing = 0;
		};
		F19CEA4C2E536FE600D1FBBF /* Frameworks */ = {
			isa = PBXFrameworksBuildPhase;
			buildActionMask = 2147483647;
			files = (
			);
			runOnlyForDeploymentPostprocessing = 0;
		};
		F19CEA542E536FE600D1FBBF /* Frameworks */ = {
			isa = PBXFrameworksBuildPhase;
			buildActionMask = 2147483647;
			files = (
				F19CEA582E536FE600D1FBBF /* BloomCore.framework in Frameworks */,
			);
			runOnlyForDeploymentPostprocessing = 0;
		};
/* End PBXFrameworksBuildPhase section */

/* Begin PBXGroup section */
		F19C5DF32E5621CA00D72A5A /* Frameworks */ = {
			isa = PBXGroup;
			children = (
			);
			name = Frameworks;
			sourceTree = "<group>";
		};
		F19C5E052E5717C100D72A5A /* BloomStorage */ = {
			isa = PBXGroup;
			children = (
				F19C5E1B2E5717D100D72A5A /* Repository */,
				F19C5E1C2E5717E900D72A5A /* LocalStore */,
			);
			path = BloomStorage;
			sourceTree = "<group>";
		};
		F19C5E0F2E5717C600D72A5A /* Bloom */ = {
			isa = PBXGroup;
			children = (
				F19C5E8F2E576E1D00D72A5A /* Application */,
				F19C5E0C2E5717C600D72A5A /* Assets.xcassets */,
				F19C5E0D2E5717C600D72A5A /* BloomApp.swift */,
				F19C5E0E2E5717C600D72A5A /* ContentView.swift */,
			);
			path = Bloom;
			sourceTree = "<group>";
		};
		F19C5E152E5717C900D72A5A /* BloomCore */ = {
			isa = PBXGroup;
			children = (
				F19C5E132E5717C900D72A5A /* CycleTracker.swift */,
				F19C5E142E5717C900D72A5A /* Period.swift */,
			);
			path = BloomCore;
			sourceTree = "<group>";
		};
		F19C5E192E5717CC00D72A5A /* BloomCoreTests */ = {
			isa = PBXGroup;
			children = (
				F19C5E182E5717CC00D72A5A /* CycleTrackerTests.swift */,
			);
			path = BloomCoreTests;
			sourceTree = "<group>";
		};
		F19C5E1B2E5717D100D72A5A /* Repository */ = {
			isa = PBXGroup;
			children = (
				F19C5E232E571CFE00D72A5A /* PrimaryPeriodRepository.swift */,
				F19C5E022E5717C100D72A5A /* PeriodRepository.swift */,
			);
			path = Repository;
			sourceTree = "<group>";
		};
		F19C5E1C2E5717E900D72A5A /* LocalStore */ = {
			isa = PBXGroup;
			children = (
				F19C5E032E5717C100D72A5A /* PeriodStore.swift */,
				F19C5E042E5717C100D72A5A /* UserDefaultsPeriodStore.swift */,
			);
			path = LocalStore;
			sourceTree = "<group>";
		};
		F19C5E1E2E57186B00D72A5A /* BloomStorageTests */ = {
			isa = PBXGroup;
			children = (
				F19C5E212E57195F00D72A5A /* PeriodRepositoryTests.swift */,
				F19C5E202E57188200D72A5A /* LocalStoreTests */,
			);
			path = BloomStorageTests;
			sourceTree = "<group>";
		};
		F19C5E202E57188200D72A5A /* LocalStoreTests */ = {
			isa = PBXGroup;
			children = (
				F19C5E1D2E57186B00D72A5A /* UserDefaultsPeriodStoreTests.swift */,
			);
			path = LocalStoreTests;
			sourceTree = "<group>";
		};
		F19C5E8F2E576E1D00D72A5A /* Application */ = {
			isa = PBXGroup;
			children = (
			);
			path = Application;
			sourceTree = "<group>";
		};
		F19CEA192E53692000D1FBBF = {
			isa = PBXGroup;
			children = (
				F19C5E0F2E5717C600D72A5A /* Bloom */,
				F19C5E152E5717C900D72A5A /* BloomCore */,
				F19C5E192E5717CC00D72A5A /* BloomCoreTests */,
				F19C5E052E5717C100D72A5A /* BloomStorage */,
				F19C5E1E2E57186B00D72A5A /* BloomStorageTests */,
				F19C5E982E576F0600D72A5A /* BloomApplication */,
				F19C5EA32E576F0600D72A5A /* BloomApplicationTests */,
				F19C5DF32E5621CA00D72A5A /* Frameworks */,
				F19CEA232E53692000D1FBBF /* Products */,
			);
			sourceTree = "<group>";
		};
		F19CEA232E53692000D1FBBF /* Products */ = {
			isa = PBXGroup;
			children = (
				F19CEA222E53692000D1FBBF /* Bloom.app */,
				F19CEA4F2E536FE600D1FBBF /* BloomCore.framework */,
				F19CEA572E536FE600D1FBBF /* BloomCoreTests.xctest */,
				F19C5DD82E5615DB00D72A5A /* BloomStorage.framework */,
				F19C5DE02E5615DB00D72A5A /* BloomStorageTests.xctest */,
				F19C5E972E576F0600D72A5A /* BloomApplication.framework */,
				F19C5E9F2E576F0600D72A5A /* BloomApplicationTests.xctest */,
			);
			name = Products;
			sourceTree = "<group>";
		};
/* End PBXGroup section */

/* Begin PBXHeadersBuildPhase section */
		F19C5DD32E5615DB00D72A5A /* Headers */ = {
			isa = PBXHeadersBuildPhase;
			buildActionMask = 2147483647;
			files = (
			);
			runOnlyForDeploymentPostprocessing = 0;
		};
		F19C5E922E576F0600D72A5A /* Headers */ = {
			isa = PBXHeadersBuildPhase;
			buildActionMask = 2147483647;
			files = (
			);
			runOnlyForDeploymentPostprocessing = 0;
		};
		F19CEA4A2E536FE600D1FBBF /* Headers */ = {
			isa = PBXHeadersBuildPhase;
			buildActionMask = 2147483647;
			files = (
			);
			runOnlyForDeploymentPostprocessing = 0;
		};
/* End PBXHeadersBuildPhase section */

/* Begin PBXNativeTarget section */
		F19C5DD72E5615DB00D72A5A /* BloomStorage */ = {
			isa = PBXNativeTarget;
			buildConfigurationList = F19C5DE72E5615DB00D72A5A /* Build configuration list for PBXNativeTarget "BloomStorage" */;
			buildPhases = (
				F19C5DD32E5615DB00D72A5A /* Headers */,
				F19C5DD42E5615DB00D72A5A /* Sources */,
				F19C5DD52E5615DB00D72A5A /* Frameworks */,
				F19C5DD62E5615DB00D72A5A /* Resources */,
			);
			buildRules = (
			);
			dependencies = (
			);
			name = BloomStorage;
			packageProductDependencies = (
			);
			productName = BloomStorage;
			productReference = F19C5DD82E5615DB00D72A5A /* BloomStorage.framework */;
			productType = "com.apple.product-type.framework";
		};
		F19C5DDF2E5615DB00D72A5A /* BloomStorageTests */ = {
			isa = PBXNativeTarget;
			buildConfigurationList = F19C5DEA2E5615DB00D72A5A /* Build configuration list for PBXNativeTarget "BloomStorageTests" */;
			buildPhases = (
				F19C5DDC2E5615DB00D72A5A /* Sources */,
				F19C5DDD2E5615DB00D72A5A /* Frameworks */,
				F19C5DDE2E5615DB00D72A5A /* Resources */,
			);
			buildRules = (
			);
			dependencies = (
				F19C5DE32E5615DB00D72A5A /* PBXTargetDependency */,
				F19C5DF72E5621CA00D72A5A /* PBXTargetDependency */,
			);
			name = BloomStorageTests;
			packageProductDependencies = (
			);
			productName = BloomStorageTests;
			productReference = F19C5DE02E5615DB00D72A5A /* BloomStorageTests.xctest */;
			productType = "com.apple.product-type.bundle.unit-test";
		};
		F19C5E962E576F0600D72A5A /* BloomApplication */ = {
			isa = PBXNativeTarget;
			buildConfigurationList = F19C5EA62E576F0600D72A5A /* Build configuration list for PBXNativeTarget "BloomApplication" */;
			buildPhases = (
				F19C5E922E576F0600D72A5A /* Headers */,
				F19C5E932E576F0600D72A5A /* Sources */,
				F19C5E942E576F0600D72A5A /* Frameworks */,
				F19C5E952E576F0600D72A5A /* Resources */,
			);
			buildRules = (
			);
			dependencies = (
			);
			fileSystemSynchronizedGroups = (
				F19C5E982E576F0600D72A5A /* BloomApplication */,
			);
			name = BloomApplication;
			packageProductDependencies = (
			);
			productName = BloomApplication;
			productReference = F19C5E972E576F0600D72A5A /* BloomApplication.framework */;
			productType = "com.apple.product-type.framework";
		};
		F19C5E9E2E576F0600D72A5A /* BloomApplicationTests */ = {
			isa = PBXNativeTarget;
			buildConfigurationList = F19C5EA92E576F0600D72A5A /* Build configuration list for PBXNativeTarget "BloomApplicationTests" */;
			buildPhases = (
				F19C5E9B2E576F0600D72A5A /* Sources */,
				F19C5E9C2E576F0600D72A5A /* Frameworks */,
				F19C5E9D2E576F0600D72A5A /* Resources */,
			);
			buildRules = (
			);
			dependencies = (
				F19C5EA22E576F0600D72A5A /* PBXTargetDependency */,
			);
			fileSystemSynchronizedGroups = (
				F19C5EA32E576F0600D72A5A /* BloomApplicationTests */,
			);
			name = BloomApplicationTests;
			packageProductDependencies = (
			);
			productName = BloomApplicationTests;
			productReference = F19C5E9F2E576F0600D72A5A /* BloomApplicationTests.xctest */;
			productType = "com.apple.product-type.bundle.unit-test";
		};
		F19CEA212E53692000D1FBBF /* Bloom */ = {
			isa = PBXNativeTarget;
			buildConfigurationList = F19CEA2D2E53692100D1FBBF /* Build configuration list for PBXNativeTarget "Bloom" */;
			buildPhases = (
				F19CEA1E2E53692000D1FBBF /* Sources */,
				F19CEA1F2E53692000D1FBBF /* Frameworks */,
				F19CEA202E53692000D1FBBF /* Resources */,
				F19CEA672E536FE600D1FBBF /* Embed Frameworks */,
			);
			buildRules = (
			);
			dependencies = (
				F19CEA612E536FE600D1FBBF /* PBXTargetDependency */,
			);
			name = Bloom;
			packageProductDependencies = (
			);
			productName = Bloom;
			productReference = F19CEA222E53692000D1FBBF /* Bloom.app */;
			productType = "com.apple.product-type.application";
		};
		F19CEA4E2E536FE600D1FBBF /* BloomCore */ = {
			isa = PBXNativeTarget;
			buildConfigurationList = F19CEA642E536FE600D1FBBF /* Build configuration list for PBXNativeTarget "BloomCore" */;
			buildPhases = (
				F19CEA4A2E536FE600D1FBBF /* Headers */,
				F19CEA4B2E536FE600D1FBBF /* Sources */,
				F19CEA4C2E536FE600D1FBBF /* Frameworks */,
				F19CEA4D2E536FE600D1FBBF /* Resources */,
			);
			buildRules = (
			);
			dependencies = (
			);
			name = BloomCore;
			packageProductDependencies = (
			);
			productName = BloomCore;
			productReference = F19CEA4F2E536FE600D1FBBF /* BloomCore.framework */;
			productType = "com.apple.product-type.framework";
		};
		F19CEA562E536FE600D1FBBF /* BloomCoreTests */ = {
			isa = PBXNativeTarget;
			buildConfigurationList = F19CEA682E536FE600D1FBBF /* Build configuration list for PBXNativeTarget "BloomCoreTests" */;
			buildPhases = (
				F19CEA532E536FE600D1FBBF /* Sources */,
				F19CEA542E536FE600D1FBBF /* Frameworks */,
				F19CEA552E536FE600D1FBBF /* Resources */,
			);
			buildRules = (
			);
			dependencies = (
				F19CEA5A2E536FE600D1FBBF /* PBXTargetDependency */,
				F19CEA5C2E536FE600D1FBBF /* PBXTargetDependency */,
			);
			name = BloomCoreTests;
			packageProductDependencies = (
			);
			productName = BloomCoreTests;
			productReference = F19CEA572E536FE600D1FBBF /* BloomCoreTests.xctest */;
			productType = "com.apple.product-type.bundle.unit-test";
		};
/* End PBXNativeTarget section */

/* Begin PBXProject section */
		F19CEA1A2E53692000D1FBBF /* Project object */ = {
			isa = PBXProject;
			attributes = {
				BuildIndependentTargetsInParallel = 1;
				LastSwiftUpdateCheck = 1640;
				LastUpgradeCheck = 1640;
				TargetAttributes = {
					F19C5DD72E5615DB00D72A5A = {
						CreatedOnToolsVersion = 16.4;
					};
					F19C5DDF2E5615DB00D72A5A = {
						CreatedOnToolsVersion = 16.4;
					};
					F19C5E962E576F0600D72A5A = {
						CreatedOnToolsVersion = 16.4;
					};
					F19C5E9E2E576F0600D72A5A = {
						CreatedOnToolsVersion = 16.4;
					};
					F19CEA212E53692000D1FBBF = {
						CreatedOnToolsVersion = 16.4;
					};
					F19CEA4E2E536FE600D1FBBF = {
						CreatedOnToolsVersion = 16.4;
					};
					F19CEA562E536FE600D1FBBF = {
						CreatedOnToolsVersion = 16.4;
					};
				};
			};
			buildConfigurationList = F19CEA1D2E53692000D1FBBF /* Build configuration list for PBXProject "Bloom" */;
			developmentRegion = en;
			hasScannedForEncodings = 0;
			knownRegions = (
				en,
				Base,
			);
			mainGroup = F19CEA192E53692000D1FBBF;
			minimizedProjectReferenceProxies = 1;
			preferredProjectObjectVersion = 77;
			productRefGroup = F19CEA232E53692000D1FBBF /* Products */;
			projectDirPath = "";
			projectRoot = "";
			targets = (
				F19CEA212E53692000D1FBBF /* Bloom */,
				F19CEA4E2E536FE600D1FBBF /* BloomCore */,
				F19CEA562E536FE600D1FBBF /* BloomCoreTests */,
				F19C5DD72E5615DB00D72A5A /* BloomStorage */,
				F19C5DDF2E5615DB00D72A5A /* BloomStorageTests */,
				F19C5E962E576F0600D72A5A /* BloomApplication */,
				F19C5E9E2E576F0600D72A5A /* BloomApplicationTests */,
			);
		};
/* End PBXProject section */

/* Begin PBXResourcesBuildPhase section */
		F19C5DD62E5615DB00D72A5A /* Resources */ = {
			isa = PBXResourcesBuildPhase;
			buildActionMask = 2147483647;
			files = (
			);
			runOnlyForDeploymentPostprocessing = 0;
		};
		F19C5DDE2E5615DB00D72A5A /* Resources */ = {
			isa = PBXResourcesBuildPhase;
			buildActionMask = 2147483647;
			files = (
			);
			runOnlyForDeploymentPostprocessing = 0;
		};
		F19C5E952E576F0600D72A5A /* Resources */ = {
			isa = PBXResourcesBuildPhase;
			buildActionMask = 2147483647;
			files = (
			);
			runOnlyForDeploymentPostprocessing = 0;
		};
		F19C5E9D2E576F0600D72A5A /* Resources */ = {
			isa = PBXResourcesBuildPhase;
			buildActionMask = 2147483647;
			files = (
			);
			runOnlyForDeploymentPostprocessing = 0;
		};
		F19CEA202E53692000D1FBBF /* Resources */ = {
			isa = PBXResourcesBuildPhase;
			buildActionMask = 2147483647;
			files = (
				F19C5E122E5717C600D72A5A /* Assets.xcassets in Resources */,
			);
			runOnlyForDeploymentPostprocessing = 0;
		};
		F19CEA4D2E536FE600D1FBBF /* Resources */ = {
			isa = PBXResourcesBuildPhase;
			buildActionMask = 2147483647;
			files = (
			);
			runOnlyForDeploymentPostprocessing = 0;
		};
		F19CEA552E536FE600D1FBBF /* Resources */ = {
			isa = PBXResourcesBuildPhase;
			buildActionMask = 2147483647;
			files = (
			);
			runOnlyForDeploymentPostprocessing = 0;
		};
/* End PBXResourcesBuildPhase section */

/* Begin PBXSourcesBuildPhase section */
		F19C5DD42E5615DB00D72A5A /* Sources */ = {
			isa = PBXSourcesBuildPhase;
			buildActionMask = 2147483647;
			files = (
			);
			runOnlyForDeploymentPostprocessing = 0;
		};
		F19C5DDC2E5615DB00D72A5A /* Sources */ = {
			isa = PBXSourcesBuildPhase;
			buildActionMask = 2147483647;
			files = (
				F19C5E222E57195F00D72A5A /* PeriodRepositoryTests.swift in Sources */,
				F19C5E1F2E57186B00D72A5A /* UserDefaultsPeriodStoreTests.swift in Sources */,
			);
			runOnlyForDeploymentPostprocessing = 0;
		};
		F19C5E932E576F0600D72A5A /* Sources */ = {
			isa = PBXSourcesBuildPhase;
			buildActionMask = 2147483647;
			files = (
			);
			runOnlyForDeploymentPostprocessing = 0;
		};
		F19C5E9B2E576F0600D72A5A /* Sources */ = {
			isa = PBXSourcesBuildPhase;
			buildActionMask = 2147483647;
			files = (
			);
			runOnlyForDeploymentPostprocessing = 0;
		};
		F19CEA1E2E53692000D1FBBF /* Sources */ = {
			isa = PBXSourcesBuildPhase;
			buildActionMask = 2147483647;
			files = (
				F19C5E102E5717C600D72A5A /* BloomApp.swift in Sources */,
				F19C5E112E5717C600D72A5A /* ContentView.swift in Sources */,
			);
			runOnlyForDeploymentPostprocessing = 0;
		};
		F19CEA4B2E536FE600D1FBBF /* Sources */ = {
			isa = PBXSourcesBuildPhase;
			buildActionMask = 2147483647;
			files = (
				F19C5E092E5717C100D72A5A /* UserDefaultsPeriodStore.swift in Sources */,
				F19C5E0A2E5717C100D72A5A /* PeriodStore.swift in Sources */,
				F19C5E0B2E5717C100D72A5A /* PeriodRepository.swift in Sources */,
				F19C5E162E5717C900D72A5A /* CycleTracker.swift in Sources */,
				F19C5E172E5717C900D72A5A /* Period.swift in Sources */,
				F19C5E242E571CFE00D72A5A /* PrimaryPeriodRepository.swift in Sources */,
			);
			runOnlyForDeploymentPostprocessing = 0;
		};
		F19CEA532E536FE600D1FBBF /* Sources */ = {
			isa = PBXSourcesBuildPhase;
			buildActionMask = 2147483647;
			files = (
				F19C5E1A2E5717CC00D72A5A /* CycleTrackerTests.swift in Sources */,
			);
			runOnlyForDeploymentPostprocessing = 0;
		};
/* End PBXSourcesBuildPhase section */

/* Begin PBXTargetDependency section */
		F19C5DE32E5615DB00D72A5A /* PBXTargetDependency */ = {
			isa = PBXTargetDependency;
			target = F19C5DD72E5615DB00D72A5A /* BloomStorage */;
			targetProxy = F19C5DE22E5615DB00D72A5A /* PBXContainerItemProxy */;
		};
		F19C5DF72E5621CA00D72A5A /* PBXTargetDependency */ = {
			isa = PBXTargetDependency;
			target = F19CEA4E2E536FE600D1FBBF /* BloomCore */;
			targetProxy = F19C5DF62E5621CA00D72A5A /* PBXContainerItemProxy */;
		};
		F19C5EA22E576F0600D72A5A /* PBXTargetDependency */ = {
			isa = PBXTargetDependency;
			target = F19C5E962E576F0600D72A5A /* BloomApplication */;
			targetProxy = F19C5EA12E576F0600D72A5A /* PBXContainerItemProxy */;
		};
		F19CEA5A2E536FE600D1FBBF /* PBXTargetDependency */ = {
			isa = PBXTargetDependency;
			target = F19CEA4E2E536FE600D1FBBF /* BloomCore */;
			targetProxy = F19CEA592E536FE600D1FBBF /* PBXContainerItemProxy */;
		};
		F19CEA5C2E536FE600D1FBBF /* PBXTargetDependency */ = {
			isa = PBXTargetDependency;
			target = F19CEA212E53692000D1FBBF /* Bloom */;
			targetProxy = F19CEA5B2E536FE600D1FBBF /* PBXContainerItemProxy */;
		};
		F19CEA612E536FE600D1FBBF /* PBXTargetDependency */ = {
			isa = PBXTargetDependency;
			target = F19CEA4E2E536FE600D1FBBF /* BloomCore */;
			targetProxy = F19CEA602E536FE600D1FBBF /* PBXContainerItemProxy */;
		};
/* End PBXTargetDependency section */

/* Begin XCBuildConfiguration section */
		F19C5DE82E5615DB00D72A5A /* Debug */ = {
			isa = XCBuildConfiguration;
			buildSettings = {
				BUILD_LIBRARY_FOR_DISTRIBUTION = YES;
				CODE_SIGN_STYLE = Automatic;
				CURRENT_PROJECT_VERSION = 1;
				DEVELOPMENT_TEAM = 9MRYBG62JT;
				DYLIB_COMPATIBILITY_VERSION = 1;
				DYLIB_CURRENT_VERSION = 1;
				DYLIB_INSTALL_NAME_BASE = "@rpath";
				ENABLE_MODULE_VERIFIER = YES;
				GENERATE_INFOPLIST_FILE = YES;
				INFOPLIST_KEY_NSHumanReadableCopyright = "";
				INSTALL_PATH = "$(LOCAL_LIBRARY_DIR)/Frameworks";
				LD_RUNPATH_SEARCH_PATHS = (
					"$(inherited)",
					"@executable_path/Frameworks",
					"@loader_path/Frameworks",
				);
				MARKETING_VERSION = 1.0;
				MODULE_VERIFIER_SUPPORTED_LANGUAGES = "objective-c objective-c++";
				MODULE_VERIFIER_SUPPORTED_LANGUAGE_STANDARDS = "gnu17 gnu++20";
				PRODUCT_BUNDLE_IDENTIFIER = exwhyzee.BloomStorage;
				PRODUCT_NAME = "$(TARGET_NAME:c99extidentifier)";
				SKIP_INSTALL = YES;
				SWIFT_EMIT_LOC_STRINGS = YES;
				SWIFT_INSTALL_MODULE = YES;
				SWIFT_INSTALL_OBJC_HEADER = NO;
				SWIFT_VERSION = 5.0;
				TARGETED_DEVICE_FAMILY = "1,2";
				VERSIONING_SYSTEM = "apple-generic";
				VERSION_INFO_PREFIX = "";
			};
			name = Debug;
		};
		F19C5DE92E5615DB00D72A5A /* Release */ = {
			isa = XCBuildConfiguration;
			buildSettings = {
				BUILD_LIBRARY_FOR_DISTRIBUTION = YES;
				CODE_SIGN_STYLE = Automatic;
				CURRENT_PROJECT_VERSION = 1;
				DEVELOPMENT_TEAM = 9MRYBG62JT;
				DYLIB_COMPATIBILITY_VERSION = 1;
				DYLIB_CURRENT_VERSION = 1;
				DYLIB_INSTALL_NAME_BASE = "@rpath";
				ENABLE_MODULE_VERIFIER = YES;
				GENERATE_INFOPLIST_FILE = YES;
				INFOPLIST_KEY_NSHumanReadableCopyright = "";
				INSTALL_PATH = "$(LOCAL_LIBRARY_DIR)/Frameworks";
				LD_RUNPATH_SEARCH_PATHS = (
					"$(inherited)",
					"@executable_path/Frameworks",
					"@loader_path/Frameworks",
				);
				MARKETING_VERSION = 1.0;
				MODULE_VERIFIER_SUPPORTED_LANGUAGES = "objective-c objective-c++";
				MODULE_VERIFIER_SUPPORTED_LANGUAGE_STANDARDS = "gnu17 gnu++20";
				PRODUCT_BUNDLE_IDENTIFIER = exwhyzee.BloomStorage;
				PRODUCT_NAME = "$(TARGET_NAME:c99extidentifier)";
				SKIP_INSTALL = YES;
				SWIFT_EMIT_LOC_STRINGS = YES;
				SWIFT_INSTALL_MODULE = YES;
				SWIFT_INSTALL_OBJC_HEADER = NO;
				SWIFT_VERSION = 5.0;
				TARGETED_DEVICE_FAMILY = "1,2";
				VERSIONING_SYSTEM = "apple-generic";
				VERSION_INFO_PREFIX = "";
			};
			name = Release;
		};
		F19C5DEB2E5615DB00D72A5A /* Debug */ = {
			isa = XCBuildConfiguration;
			buildSettings = {
				CODE_SIGN_STYLE = Automatic;
				CURRENT_PROJECT_VERSION = 1;
				DEVELOPMENT_TEAM = 9MRYBG62JT;
				GENERATE_INFOPLIST_FILE = YES;
				MARKETING_VERSION = 1.0;
				PRODUCT_BUNDLE_IDENTIFIER = exwhyzee.BloomStorageTests;
				PRODUCT_NAME = "$(TARGET_NAME)";
				SWIFT_EMIT_LOC_STRINGS = NO;
				SWIFT_VERSION = 5.0;
				TARGETED_DEVICE_FAMILY = "1,2";
			};
			name = Debug;
		};
		F19C5DEC2E5615DB00D72A5A /* Release */ = {
			isa = XCBuildConfiguration;
			buildSettings = {
				CODE_SIGN_STYLE = Automatic;
				CURRENT_PROJECT_VERSION = 1;
				DEVELOPMENT_TEAM = 9MRYBG62JT;
				GENERATE_INFOPLIST_FILE = YES;
				MARKETING_VERSION = 1.0;
				PRODUCT_BUNDLE_IDENTIFIER = exwhyzee.BloomStorageTests;
				PRODUCT_NAME = "$(TARGET_NAME)";
				SWIFT_EMIT_LOC_STRINGS = NO;
				SWIFT_VERSION = 5.0;
				TARGETED_DEVICE_FAMILY = "1,2";
			};
			name = Release;
		};
		F19C5EA72E576F0600D72A5A /* Debug */ = {
			isa = XCBuildConfiguration;
			buildSettings = {
				ALLOW_TARGET_PLATFORM_SPECIALIZATION = YES;
				BUILD_LIBRARY_FOR_DISTRIBUTION = YES;
				CODE_SIGN_STYLE = Automatic;
				CURRENT_PROJECT_VERSION = 1;
				DEVELOPMENT_TEAM = 9MRYBG62JT;
				DYLIB_COMPATIBILITY_VERSION = 1;
				DYLIB_CURRENT_VERSION = 1;
				DYLIB_INSTALL_NAME_BASE = "@rpath";
				ENABLE_MODULE_VERIFIER = YES;
				GENERATE_INFOPLIST_FILE = YES;
				INFOPLIST_KEY_NSHumanReadableCopyright = "";
				INSTALL_PATH = "$(LOCAL_LIBRARY_DIR)/Frameworks";
				IPHONEOS_DEPLOYMENT_TARGET = 18.5;
				LD_RUNPATH_SEARCH_PATHS = (
					"@executable_path/Frameworks",
					"@loader_path/Frameworks",
				);
				"LD_RUNPATH_SEARCH_PATHS[sdk=macosx*]" = (
					"@executable_path/../Frameworks",
					"@loader_path/Frameworks",
				);
				MACOSX_DEPLOYMENT_TARGET = 15.5;
				MARKETING_VERSION = 1.0;
				MODULE_VERIFIER_SUPPORTED_LANGUAGES = "objective-c objective-c++";
				MODULE_VERIFIER_SUPPORTED_LANGUAGE_STANDARDS = "gnu17 gnu++20";
				PRODUCT_BUNDLE_IDENTIFIER = exwhyzee.BloomApplication;
				PRODUCT_NAME = "$(TARGET_NAME:c99extidentifier)";
				SDKROOT = auto;
				SKIP_INSTALL = YES;
				SUPPORTED_PLATFORMS = "iphoneos iphonesimulator macosx xros xrsimulator";
				SWIFT_EMIT_LOC_STRINGS = YES;
				SWIFT_INSTALL_MODULE = YES;
				SWIFT_INSTALL_OBJC_HEADER = NO;
				SWIFT_VERSION = 5.0;
				TARGETED_DEVICE_FAMILY = "1,2,7";
				VERSIONING_SYSTEM = "apple-generic";
				VERSION_INFO_PREFIX = "";
				XROS_DEPLOYMENT_TARGET = 2.5;
			};
			name = Debug;
		};
		F19C5EA82E576F0600D72A5A /* Release */ = {
			isa = XCBuildConfiguration;
			buildSettings = {
				ALLOW_TARGET_PLATFORM_SPECIALIZATION = YES;
				BUILD_LIBRARY_FOR_DISTRIBUTION = YES;
				CODE_SIGN_STYLE = Automatic;
				CURRENT_PROJECT_VERSION = 1;
				DEVELOPMENT_TEAM = 9MRYBG62JT;
				DYLIB_COMPATIBILITY_VERSION = 1;
				DYLIB_CURRENT_VERSION = 1;
				DYLIB_INSTALL_NAME_BASE = "@rpath";
				ENABLE_MODULE_VERIFIER = YES;
				GENERATE_INFOPLIST_FILE = YES;
				INFOPLIST_KEY_NSHumanReadableCopyright = "";
				INSTALL_PATH = "$(LOCAL_LIBRARY_DIR)/Frameworks";
				IPHONEOS_DEPLOYMENT_TARGET = 18.5;
				LD_RUNPATH_SEARCH_PATHS = (
					"@executable_path/Frameworks",
					"@loader_path/Frameworks",
				);
				"LD_RUNPATH_SEARCH_PATHS[sdk=macosx*]" = (
					"@executable_path/../Frameworks",
					"@loader_path/Frameworks",
				);
				MACOSX_DEPLOYMENT_TARGET = 15.5;
				MARKETING_VERSION = 1.0;
				MODULE_VERIFIER_SUPPORTED_LANGUAGES = "objective-c objective-c++";
				MODULE_VERIFIER_SUPPORTED_LANGUAGE_STANDARDS = "gnu17 gnu++20";
				PRODUCT_BUNDLE_IDENTIFIER = exwhyzee.BloomApplication;
				PRODUCT_NAME = "$(TARGET_NAME:c99extidentifier)";
				SDKROOT = auto;
				SKIP_INSTALL = YES;
				SUPPORTED_PLATFORMS = "iphoneos iphonesimulator macosx xros xrsimulator";
				SWIFT_EMIT_LOC_STRINGS = YES;
				SWIFT_INSTALL_MODULE = YES;
				SWIFT_INSTALL_OBJC_HEADER = NO;
				SWIFT_VERSION = 5.0;
				TARGETED_DEVICE_FAMILY = "1,2,7";
				VERSIONING_SYSTEM = "apple-generic";
				VERSION_INFO_PREFIX = "";
				XROS_DEPLOYMENT_TARGET = 2.5;
			};
			name = Release;
		};
		F19C5EAA2E576F0600D72A5A /* Debug */ = {
			isa = XCBuildConfiguration;
			buildSettings = {
				ALLOW_TARGET_PLATFORM_SPECIALIZATION = YES;
				CODE_SIGN_STYLE = Automatic;
				CURRENT_PROJECT_VERSION = 1;
				DEVELOPMENT_TEAM = 9MRYBG62JT;
				GENERATE_INFOPLIST_FILE = YES;
				IPHONEOS_DEPLOYMENT_TARGET = 18.5;
				MACOSX_DEPLOYMENT_TARGET = 15.5;
				MARKETING_VERSION = 1.0;
				PRODUCT_BUNDLE_IDENTIFIER = exwhyzee.BloomApplicationTests;
				PRODUCT_NAME = "$(TARGET_NAME)";
				SDKROOT = auto;
				SUPPORTED_PLATFORMS = "iphoneos iphonesimulator macosx xros xrsimulator";
				SWIFT_EMIT_LOC_STRINGS = NO;
				SWIFT_VERSION = 5.0;
				TARGETED_DEVICE_FAMILY = "1,2,7";
				XROS_DEPLOYMENT_TARGET = 2.5;
			};
			name = Debug;
		};
		F19C5EAB2E576F0600D72A5A /* Release */ = {
			isa = XCBuildConfiguration;
			buildSettings = {
				ALLOW_TARGET_PLATFORM_SPECIALIZATION = YES;
				CODE_SIGN_STYLE = Automatic;
				CURRENT_PROJECT_VERSION = 1;
				DEVELOPMENT_TEAM = 9MRYBG62JT;
				GENERATE_INFOPLIST_FILE = YES;
				IPHONEOS_DEPLOYMENT_TARGET = 18.5;
				MACOSX_DEPLOYMENT_TARGET = 15.5;
				MARKETING_VERSION = 1.0;
				PRODUCT_BUNDLE_IDENTIFIER = exwhyzee.BloomApplicationTests;
				PRODUCT_NAME = "$(TARGET_NAME)";
				SDKROOT = auto;
				SUPPORTED_PLATFORMS = "iphoneos iphonesimulator macosx xros xrsimulator";
				SWIFT_EMIT_LOC_STRINGS = NO;
				SWIFT_VERSION = 5.0;
				TARGETED_DEVICE_FAMILY = "1,2,7";
				XROS_DEPLOYMENT_TARGET = 2.5;
			};
			name = Release;
		};
		F19CEA2B2E53692100D1FBBF /* Debug */ = {
			isa = XCBuildConfiguration;
			buildSettings = {
				ALWAYS_SEARCH_USER_PATHS = NO;
				ASSETCATALOG_COMPILER_GENERATE_SWIFT_ASSET_SYMBOL_EXTENSIONS = YES;
				CLANG_ANALYZER_NONNULL = YES;
				CLANG_ANALYZER_NUMBER_OBJECT_CONVERSION = YES_AGGRESSIVE;
				CLANG_CXX_LANGUAGE_STANDARD = "gnu++20";
				CLANG_ENABLE_MODULES = YES;
				CLANG_ENABLE_OBJC_ARC = YES;
				CLANG_ENABLE_OBJC_WEAK = YES;
				CLANG_WARN_BLOCK_CAPTURE_AUTORELEASING = YES;
				CLANG_WARN_BOOL_CONVERSION = YES;
				CLANG_WARN_COMMA = YES;
				CLANG_WARN_CONSTANT_CONVERSION = YES;
				CLANG_WARN_DEPRECATED_OBJC_IMPLEMENTATIONS = YES;
				CLANG_WARN_DIRECT_OBJC_ISA_USAGE = YES_ERROR;
				CLANG_WARN_DOCUMENTATION_COMMENTS = YES;
				CLANG_WARN_EMPTY_BODY = YES;
				CLANG_WARN_ENUM_CONVERSION = YES;
				CLANG_WARN_INFINITE_RECURSION = YES;
				CLANG_WARN_INT_CONVERSION = YES;
				CLANG_WARN_NON_LITERAL_NULL_CONVERSION = YES;
				CLANG_WARN_OBJC_IMPLICIT_RETAIN_SELF = YES;
				CLANG_WARN_OBJC_LITERAL_CONVERSION = YES;
				CLANG_WARN_OBJC_ROOT_CLASS = YES_ERROR;
				CLANG_WARN_QUOTED_INCLUDE_IN_FRAMEWORK_HEADER = YES;
				CLANG_WARN_RANGE_LOOP_ANALYSIS = YES;
				CLANG_WARN_STRICT_PROTOTYPES = YES;
				CLANG_WARN_SUSPICIOUS_MOVE = YES;
				CLANG_WARN_UNGUARDED_AVAILABILITY = YES_AGGRESSIVE;
				CLANG_WARN_UNREACHABLE_CODE = YES;
				CLANG_WARN__DUPLICATE_METHOD_MATCH = YES;
				COPY_PHASE_STRIP = NO;
				DEBUG_INFORMATION_FORMAT = dwarf;
				DEVELOPMENT_TEAM = 9MRYBG62JT;
				ENABLE_STRICT_OBJC_MSGSEND = YES;
				ENABLE_TESTABILITY = YES;
				ENABLE_USER_SCRIPT_SANDBOXING = YES;
				GCC_C_LANGUAGE_STANDARD = gnu17;
				GCC_DYNAMIC_NO_PIC = NO;
				GCC_NO_COMMON_BLOCKS = YES;
				GCC_OPTIMIZATION_LEVEL = 0;
				GCC_PREPROCESSOR_DEFINITIONS = (
					"DEBUG=1",
					"$(inherited)",
				);
				GCC_WARN_64_TO_32_BIT_CONVERSION = YES;
				GCC_WARN_ABOUT_RETURN_TYPE = YES_ERROR;
				GCC_WARN_UNDECLARED_SELECTOR = YES;
				GCC_WARN_UNINITIALIZED_AUTOS = YES_AGGRESSIVE;
				GCC_WARN_UNUSED_FUNCTION = YES;
				GCC_WARN_UNUSED_VARIABLE = YES;
				IPHONEOS_DEPLOYMENT_TARGET = 18.5;
				LOCALIZATION_PREFERS_STRING_CATALOGS = YES;
				MTL_ENABLE_DEBUG_INFO = INCLUDE_SOURCE;
				MTL_FAST_MATH = YES;
				ONLY_ACTIVE_ARCH = YES;
				SDKROOT = iphoneos;
				SWIFT_ACTIVE_COMPILATION_CONDITIONS = "DEBUG $(inherited)";
				SWIFT_OPTIMIZATION_LEVEL = "-Onone";
			};
			name = Debug;
		};
		F19CEA2C2E53692100D1FBBF /* Release */ = {
			isa = XCBuildConfiguration;
			buildSettings = {
				ALWAYS_SEARCH_USER_PATHS = NO;
				ASSETCATALOG_COMPILER_GENERATE_SWIFT_ASSET_SYMBOL_EXTENSIONS = YES;
				CLANG_ANALYZER_NONNULL = YES;
				CLANG_ANALYZER_NUMBER_OBJECT_CONVERSION = YES_AGGRESSIVE;
				CLANG_CXX_LANGUAGE_STANDARD = "gnu++20";
				CLANG_ENABLE_MODULES = YES;
				CLANG_ENABLE_OBJC_ARC = YES;
				CLANG_ENABLE_OBJC_WEAK = YES;
				CLANG_WARN_BLOCK_CAPTURE_AUTORELEASING = YES;
				CLANG_WARN_BOOL_CONVERSION = YES;
				CLANG_WARN_COMMA = YES;
				CLANG_WARN_CONSTANT_CONVERSION = YES;
				CLANG_WARN_DEPRECATED_OBJC_IMPLEMENTATIONS = YES;
				CLANG_WARN_DIRECT_OBJC_ISA_USAGE = YES_ERROR;
				CLANG_WARN_DOCUMENTATION_COMMENTS = YES;
				CLANG_WARN_EMPTY_BODY = YES;
				CLANG_WARN_ENUM_CONVERSION = YES;
				CLANG_WARN_INFINITE_RECURSION = YES;
				CLANG_WARN_INT_CONVERSION = YES;
				CLANG_WARN_NON_LITERAL_NULL_CONVERSION = YES;
				CLANG_WARN_OBJC_IMPLICIT_RETAIN_SELF = YES;
				CLANG_WARN_OBJC_LITERAL_CONVERSION = YES;
				CLANG_WARN_OBJC_ROOT_CLASS = YES_ERROR;
				CLANG_WARN_QUOTED_INCLUDE_IN_FRAMEWORK_HEADER = YES;
				CLANG_WARN_RANGE_LOOP_ANALYSIS = YES;
				CLANG_WARN_STRICT_PROTOTYPES = YES;
				CLANG_WARN_SUSPICIOUS_MOVE = YES;
				CLANG_WARN_UNGUARDED_AVAILABILITY = YES_AGGRESSIVE;
				CLANG_WARN_UNREACHABLE_CODE = YES;
				CLANG_WARN__DUPLICATE_METHOD_MATCH = YES;
				COPY_PHASE_STRIP = NO;
				DEBUG_INFORMATION_FORMAT = "dwarf-with-dsym";
				DEVELOPMENT_TEAM = 9MRYBG62JT;
				ENABLE_NS_ASSERTIONS = NO;
				ENABLE_STRICT_OBJC_MSGSEND = YES;
				ENABLE_USER_SCRIPT_SANDBOXING = YES;
				GCC_C_LANGUAGE_STANDARD = gnu17;
				GCC_NO_COMMON_BLOCKS = YES;
				GCC_WARN_64_TO_32_BIT_CONVERSION = YES;
				GCC_WARN_ABOUT_RETURN_TYPE = YES_ERROR;
				GCC_WARN_UNDECLARED_SELECTOR = YES;
				GCC_WARN_UNINITIALIZED_AUTOS = YES_AGGRESSIVE;
				GCC_WARN_UNUSED_FUNCTION = YES;
				GCC_WARN_UNUSED_VARIABLE = YES;
				IPHONEOS_DEPLOYMENT_TARGET = 18.5;
				LOCALIZATION_PREFERS_STRING_CATALOGS = YES;
				MTL_ENABLE_DEBUG_INFO = NO;
				MTL_FAST_MATH = YES;
				SDKROOT = iphoneos;
				SWIFT_COMPILATION_MODE = wholemodule;
				VALIDATE_PRODUCT = YES;
			};
			name = Release;
		};
		F19CEA2E2E53692100D1FBBF /* Debug */ = {
			isa = XCBuildConfiguration;
			buildSettings = {
				ASSETCATALOG_COMPILER_APPICON_NAME = AppIcon;
				ASSETCATALOG_COMPILER_GLOBAL_ACCENT_COLOR_NAME = AccentColor;
				CODE_SIGN_STYLE = Automatic;
				CURRENT_PROJECT_VERSION = 1;
				DEVELOPMENT_TEAM = 9MRYBG62JT;
				ENABLE_PREVIEWS = YES;
				GENERATE_INFOPLIST_FILE = YES;
				INFOPLIST_KEY_UIApplicationSceneManifest_Generation = YES;
				INFOPLIST_KEY_UIApplicationSupportsIndirectInputEvents = YES;
				INFOPLIST_KEY_UILaunchScreen_Generation = YES;
				INFOPLIST_KEY_UISupportedInterfaceOrientations_iPad = "UIInterfaceOrientationPortrait UIInterfaceOrientationPortraitUpsideDown UIInterfaceOrientationLandscapeLeft UIInterfaceOrientationLandscapeRight";
				INFOPLIST_KEY_UISupportedInterfaceOrientations_iPhone = "UIInterfaceOrientationPortrait UIInterfaceOrientationLandscapeLeft UIInterfaceOrientationLandscapeRight";
				LD_RUNPATH_SEARCH_PATHS = (
					"$(inherited)",
					"@executable_path/Frameworks",
				);
				MARKETING_VERSION = 1.0;
				PRODUCT_BUNDLE_IDENTIFIER = exwhyzee.Bloom;
				PRODUCT_NAME = "$(TARGET_NAME)";
				SWIFT_EMIT_LOC_STRINGS = YES;
				SWIFT_VERSION = 5.0;
				TARGETED_DEVICE_FAMILY = "1,2";
			};
			name = Debug;
		};
		F19CEA2F2E53692100D1FBBF /* Release */ = {
			isa = XCBuildConfiguration;
			buildSettings = {
				ASSETCATALOG_COMPILER_APPICON_NAME = AppIcon;
				ASSETCATALOG_COMPILER_GLOBAL_ACCENT_COLOR_NAME = AccentColor;
				CODE_SIGN_STYLE = Automatic;
				CURRENT_PROJECT_VERSION = 1;
				DEVELOPMENT_TEAM = 9MRYBG62JT;
				ENABLE_PREVIEWS = YES;
				GENERATE_INFOPLIST_FILE = YES;
				INFOPLIST_KEY_UIApplicationSceneManifest_Generation = YES;
				INFOPLIST_KEY_UIApplicationSupportsIndirectInputEvents = YES;
				INFOPLIST_KEY_UILaunchScreen_Generation = YES;
				INFOPLIST_KEY_UISupportedInterfaceOrientations_iPad = "UIInterfaceOrientationPortrait UIInterfaceOrientationPortraitUpsideDown UIInterfaceOrientationLandscapeLeft UIInterfaceOrientationLandscapeRight";
				INFOPLIST_KEY_UISupportedInterfaceOrientations_iPhone = "UIInterfaceOrientationPortrait UIInterfaceOrientationLandscapeLeft UIInterfaceOrientationLandscapeRight";
				LD_RUNPATH_SEARCH_PATHS = (
					"$(inherited)",
					"@executable_path/Frameworks",
				);
				MARKETING_VERSION = 1.0;
				PRODUCT_BUNDLE_IDENTIFIER = exwhyzee.Bloom;
				PRODUCT_NAME = "$(TARGET_NAME)";
				SWIFT_EMIT_LOC_STRINGS = YES;
				SWIFT_VERSION = 5.0;
				TARGETED_DEVICE_FAMILY = "1,2";
			};
			name = Release;
		};
		F19CEA652E536FE600D1FBBF /* Debug */ = {
			isa = XCBuildConfiguration;
			buildSettings = {
				ALLOW_TARGET_PLATFORM_SPECIALIZATION = YES;
				BUILD_LIBRARY_FOR_DISTRIBUTION = YES;
				CODE_SIGN_STYLE = Automatic;
				CURRENT_PROJECT_VERSION = 1;
				DEVELOPMENT_TEAM = 9MRYBG62JT;
				DYLIB_COMPATIBILITY_VERSION = 1;
				DYLIB_CURRENT_VERSION = 1;
				DYLIB_INSTALL_NAME_BASE = "@rpath";
				ENABLE_MODULE_VERIFIER = YES;
				GENERATE_INFOPLIST_FILE = YES;
				INFOPLIST_KEY_NSHumanReadableCopyright = "";
				INSTALL_PATH = "$(LOCAL_LIBRARY_DIR)/Frameworks";
				IPHONEOS_DEPLOYMENT_TARGET = 18.5;
				LD_RUNPATH_SEARCH_PATHS = (
					"@executable_path/Frameworks",
					"@loader_path/Frameworks",
				);
				"LD_RUNPATH_SEARCH_PATHS[sdk=macosx*]" = (
					"@executable_path/../Frameworks",
					"@loader_path/Frameworks",
				);
				MACOSX_DEPLOYMENT_TARGET = 15.5;
				MARKETING_VERSION = 1.0;
				MODULE_VERIFIER_SUPPORTED_LANGUAGES = "objective-c objective-c++";
				MODULE_VERIFIER_SUPPORTED_LANGUAGE_STANDARDS = "gnu17 gnu++20";
				PRODUCT_BUNDLE_IDENTIFIER = exwhyzee.BloomCore;
				PRODUCT_NAME = "$(TARGET_NAME:c99extidentifier)";
				SDKROOT = auto;
				SKIP_INSTALL = YES;
				SUPPORTED_PLATFORMS = "iphoneos iphonesimulator macosx xros xrsimulator";
				SWIFT_EMIT_LOC_STRINGS = YES;
				SWIFT_INSTALL_MODULE = YES;
				SWIFT_INSTALL_OBJC_HEADER = NO;
				SWIFT_VERSION = 5.0;
				TARGETED_DEVICE_FAMILY = "1,2,7";
				VERSIONING_SYSTEM = "apple-generic";
				VERSION_INFO_PREFIX = "";
				XROS_DEPLOYMENT_TARGET = 2.5;
			};
			name = Debug;
		};
		F19CEA662E536FE600D1FBBF /* Release */ = {
			isa = XCBuildConfiguration;
			buildSettings = {
				ALLOW_TARGET_PLATFORM_SPECIALIZATION = YES;
				BUILD_LIBRARY_FOR_DISTRIBUTION = YES;
				CODE_SIGN_STYLE = Automatic;
				CURRENT_PROJECT_VERSION = 1;
				DEVELOPMENT_TEAM = 9MRYBG62JT;
				DYLIB_COMPATIBILITY_VERSION = 1;
				DYLIB_CURRENT_VERSION = 1;
				DYLIB_INSTALL_NAME_BASE = "@rpath";
				ENABLE_MODULE_VERIFIER = YES;
				GENERATE_INFOPLIST_FILE = YES;
				INFOPLIST_KEY_NSHumanReadableCopyright = "";
				INSTALL_PATH = "$(LOCAL_LIBRARY_DIR)/Frameworks";
				IPHONEOS_DEPLOYMENT_TARGET = 18.5;
				LD_RUNPATH_SEARCH_PATHS = (
					"@executable_path/Frameworks",
					"@loader_path/Frameworks",
				);
				"LD_RUNPATH_SEARCH_PATHS[sdk=macosx*]" = (
					"@executable_path/../Frameworks",
					"@loader_path/Frameworks",
				);
				MACOSX_DEPLOYMENT_TARGET = 15.5;
				MARKETING_VERSION = 1.0;
				MODULE_VERIFIER_SUPPORTED_LANGUAGES = "objective-c objective-c++";
				MODULE_VERIFIER_SUPPORTED_LANGUAGE_STANDARDS = "gnu17 gnu++20";
				PRODUCT_BUNDLE_IDENTIFIER = exwhyzee.BloomCore;
				PRODUCT_NAME = "$(TARGET_NAME:c99extidentifier)";
				SDKROOT = auto;
				SKIP_INSTALL = YES;
				SUPPORTED_PLATFORMS = "iphoneos iphonesimulator macosx xros xrsimulator";
				SWIFT_EMIT_LOC_STRINGS = YES;
				SWIFT_INSTALL_MODULE = YES;
				SWIFT_INSTALL_OBJC_HEADER = NO;
				SWIFT_VERSION = 5.0;
				TARGETED_DEVICE_FAMILY = "1,2,7";
				VERSIONING_SYSTEM = "apple-generic";
				VERSION_INFO_PREFIX = "";
				XROS_DEPLOYMENT_TARGET = 2.5;
			};
			name = Release;
		};
		F19CEA692E536FE600D1FBBF /* Debug */ = {
			isa = XCBuildConfiguration;
			buildSettings = {
				ALLOW_TARGET_PLATFORM_SPECIALIZATION = YES;
				CODE_SIGN_STYLE = Automatic;
				CURRENT_PROJECT_VERSION = 1;
				DEVELOPMENT_TEAM = 9MRYBG62JT;
				GENERATE_INFOPLIST_FILE = YES;
				IPHONEOS_DEPLOYMENT_TARGET = 18.5;
				MACOSX_DEPLOYMENT_TARGET = 15.5;
				MARKETING_VERSION = 1.0;
				PRODUCT_BUNDLE_IDENTIFIER = exwhyzee.BloomCoreTests;
				PRODUCT_NAME = "$(TARGET_NAME)";
				SDKROOT = auto;
				SUPPORTED_PLATFORMS = "iphoneos iphonesimulator macosx xros xrsimulator";
				SWIFT_EMIT_LOC_STRINGS = NO;
				SWIFT_VERSION = 5.0;
				TARGETED_DEVICE_FAMILY = "1,2,7";
				XROS_DEPLOYMENT_TARGET = 2.5;
			};
			name = Debug;
		};
		F19CEA6A2E536FE600D1FBBF /* Release */ = {
			isa = XCBuildConfiguration;
			buildSettings = {
				ALLOW_TARGET_PLATFORM_SPECIALIZATION = YES;
				CODE_SIGN_STYLE = Automatic;
				CURRENT_PROJECT_VERSION = 1;
				DEVELOPMENT_TEAM = 9MRYBG62JT;
				GENERATE_INFOPLIST_FILE = YES;
				IPHONEOS_DEPLOYMENT_TARGET = 18.5;
				MACOSX_DEPLOYMENT_TARGET = 15.5;
				MARKETING_VERSION = 1.0;
				PRODUCT_BUNDLE_IDENTIFIER = exwhyzee.BloomCoreTests;
				PRODUCT_NAME = "$(TARGET_NAME)";
				SDKROOT = auto;
				SUPPORTED_PLATFORMS = "iphoneos iphonesimulator macosx xros xrsimulator";
				SWIFT_EMIT_LOC_STRINGS = NO;
				SWIFT_VERSION = 5.0;
				TARGETED_DEVICE_FAMILY = "1,2,7";
				XROS_DEPLOYMENT_TARGET = 2.5;
			};
			name = Release;
		};
/* End XCBuildConfiguration section */

/* Begin XCConfigurationList section */
		F19C5DE72E5615DB00D72A5A /* Build configuration list for PBXNativeTarget "BloomStorage" */ = {
			isa = XCConfigurationList;
			buildConfigurations = (
				F19C5DE82E5615DB00D72A5A /* Debug */,
				F19C5DE92E5615DB00D72A5A /* Release */,
			);
			defaultConfigurationIsVisible = 0;
			defaultConfigurationName = Release;
		};
		F19C5DEA2E5615DB00D72A5A /* Build configuration list for PBXNativeTarget "BloomStorageTests" */ = {
			isa = XCConfigurationList;
			buildConfigurations = (
				F19C5DEB2E5615DB00D72A5A /* Debug */,
				F19C5DEC2E5615DB00D72A5A /* Release */,
			);
			defaultConfigurationIsVisible = 0;
			defaultConfigurationName = Release;
		};
		F19C5EA62E576F0600D72A5A /* Build configuration list for PBXNativeTarget "BloomApplication" */ = {
			isa = XCConfigurationList;
			buildConfigurations = (
				F19C5EA72E576F0600D72A5A /* Debug */,
				F19C5EA82E576F0600D72A5A /* Release */,
			);
			defaultConfigurationIsVisible = 0;
			defaultConfigurationName = Release;
		};
		F19C5EA92E576F0600D72A5A /* Build configuration list for PBXNativeTarget "BloomApplicationTests" */ = {
			isa = XCConfigurationList;
			buildConfigurations = (
				F19C5EAA2E576F0600D72A5A /* Debug */,
				F19C5EAB2E576F0600D72A5A /* Release */,
			);
			defaultConfigurationIsVisible = 0;
			defaultConfigurationName = Release;
		};
		F19CEA1D2E53692000D1FBBF /* Build configuration list for PBXProject "Bloom" */ = {
			isa = XCConfigurationList;
			buildConfigurations = (
				F19CEA2B2E53692100D1FBBF /* Debug */,
				F19CEA2C2E53692100D1FBBF /* Release */,
			);
			defaultConfigurationIsVisible = 0;
			defaultConfigurationName = Release;
		};
		F19CEA2D2E53692100D1FBBF /* Build configuration list for PBXNativeTarget "Bloom" */ = {
			isa = XCConfigurationList;
			buildConfigurations = (
				F19CEA2E2E53692100D1FBBF /* Debug */,
				F19CEA2F2E53692100D1FBBF /* Release */,
			);
			defaultConfigurationIsVisible = 0;
			defaultConfigurationName = Release;
		};
		F19CEA642E536FE600D1FBBF /* Build configuration list for PBXNativeTarget "BloomCore" */ = {
			isa = XCConfigurationList;
			buildConfigurations = (
				F19CEA652E536FE600D1FBBF /* Debug */,
				F19CEA662E536FE600D1FBBF /* Release */,
			);
			defaultConfigurationIsVisible = 0;
			defaultConfigurationName = Release;
		};
		F19CEA682E536FE600D1FBBF /* Build configuration list for PBXNativeTarget "BloomCoreTests" */ = {
			isa = XCConfigurationList;
			buildConfigurations = (
				F19CEA692E536FE600D1FBBF /* Debug */,
				F19CEA6A2E536FE600D1FBBF /* Release */,
			);
			defaultConfigurationIsVisible = 0;
			defaultConfigurationName = Release;
		};
/* End XCConfigurationList section */
	};
	rootObject = F19CEA1A2E53692000D1FBBF /* Project object */;
}
